
Microsoft Visual Studio Solution File, Format Version 12.00
# Visual Studio Version 17
VisualStudioVersion = 17.7.34221.43
MinimumVisualStudioVersion = 10.0.40219.1
Project("{FAE04EC0-301F-11D3-BF4B-00C04F79EFBC}") = "QHM", "QHM\QHM.csproj", "{CF6F2898-CA4B-466B-805E-58CA9CD7C3FB}"
EndProject
Global
	GlobalSection(SolutionConfigurationPlatforms) = preSolution
		Debug|Any CPU = Debug|Any CPU
		Release|Any CPU = Release|Any CPU
	EndGlobalSection
	GlobalSection(ProjectConfigurationPlatforms) = postSolution
		{CF6F2898-CA4B-466B-805E-58CA9CD7C3FB}.Debug|Any CPU.ActiveCfg = Debug|Any CPU
		{CF6F2898-CA4B-466B-805E-58CA9CD7C3FB}.Debug|Any CPU.Build.0 = Debug|Any CPU
		{CF6F2898-CA4B-466B-805E-58CA9CD7C3FB}.Release|Any CPU.ActiveCfg = Release|Any CPU
		{CF6F2898-CA4B-466B-805E-58CA9CD7C3FB}.Release|Any CPU.Build.0 = Release|Any CPU
	EndGlobalSection
	GlobalSection(SolutionProperties) = preSolution
		HideSolutionNode = FALSE
	EndGlobalSection
	GlobalSection(ExtensibilityGlobals) = postSolution
		SolutionGuid = {DAEB302A-D23C-401E-BCD4-D03C86439A3B}
	EndGlobalSection
EndGlobal
